
Microsoft Visual Studio Solution File, Format Version 12.00
# Visual Studio Version 16
VisualStudioVersion = 16.0.30011.22
MinimumVisualStudioVersion = 10.0.40219.1
Project("{FAE04EC0-301F-11D3-BF4B-00C04F79EFBC}") = "Sdr_FirmaInCloud", "Sdr_FirmaInCloud\Sdr_FirmaInCloud.csproj", "{84D995EB-7283-474F-8795-E9CDDF32D0F8}"
EndProject
Project("{FAE04EC0-301F-11D3-BF4B-00C04F79EFBC}") = "Sdr_FirmaInCloud.BL", "Sdr_FirmaInCloud.BL\Sdr_FirmaInCloud.BL.csproj", "{33167D3C-4320-4479-BAEE-47F07687FA86}"
EndProject
Project("{FAE04EC0-301F-11D3-BF4B-00C04F79EFBC}") = "Sdr_FirmaInCloud.UI", "Sdr_FirmaInCloud.UI\Sdr_FirmaInCloud.UI.csproj", "{BA6DDB48-257F-4F4B-B87E-9E51B56C39D5}"
EndProject
Project("{54435603-DBB4-11D2-8724-00A0C9A8B90C}") = "Sdr_FirmaInCloud_Setup", "Sdr_FirmaInCloud_Setup\Sdr_FirmaInCloud_Setup.vdproj", "{FE2AA960-E775-43F0-9FBC-7F26A4130642}"
EndProject
Global
	GlobalSection(SolutionConfigurationPlatforms) = preSolution
		Debug|Any CPU = Debug|Any CPU
		Release|Any CPU = Release|Any CPU
	EndGlobalSection
	GlobalSection(ProjectConfigurationPlatforms) = postSolution
		{84D995EB-7283-474F-8795-E9CDDF32D0F8}.Debug|Any CPU.ActiveCfg = Debug|Any CPU
		{84D995EB-7283-474F-8795-E9CDDF32D0F8}.Debug|Any CPU.Build.0 = Debug|Any CPU
		{84D995EB-7283-474F-8795-E9CDDF32D0F8}.Release|Any CPU.ActiveCfg = Release|Any CPU
		{84D995EB-7283-474F-8795-E9CDDF32D0F8}.Release|Any CPU.Build.0 = Release|Any CPU
		{33167D3C-4320-4479-BAEE-47F07687FA86}.Debug|Any CPU.ActiveCfg = Debug|Any CPU
		{33167D3C-4320-4479-BAEE-47F07687FA86}.Debug|Any CPU.Build.0 = Debug|Any CPU
		{33167D3C-4320-4479-BAEE-47F07687FA86}.Release|Any CPU.ActiveCfg = Release|Any CPU
		{33167D3C-4320-4479-BAEE-47F07687FA86}.Release|Any CPU.Build.0 = Release|Any CPU
		{BA6DDB48-257F-4F4B-B87E-9E51B56C39D5}.Debug|Any CPU.ActiveCfg = Debug|Any CPU
		{BA6DDB48-257F-4F4B-B87E-9E51B56C39D5}.Debug|Any CPU.Build.0 = Debug|Any CPU
		{BA6DDB48-257F-4F4B-B87E-9E51B56C39D5}.Release|Any CPU.ActiveCfg = Release|Any CPU
		{BA6DDB48-257F-4F4B-B87E-9E51B56C39D5}.Release|Any CPU.Build.0 = Release|Any CPU
		{FE2AA960-E775-43F0-9FBC-7F26A4130642}.Debug|Any CPU.ActiveCfg = Debug
		{FE2AA960-E775-43F0-9FBC-7F26A4130642}.Release|Any CPU.ActiveCfg = Release
	EndGlobalSection
	GlobalSection(SolutionProperties) = preSolution
		HideSolutionNode = FALSE
	EndGlobalSection
	GlobalSection(ExtensibilityGlobals) = postSolution
		SolutionGuid = {CC20278F-756C-4401-A209-B0C3CB24F9BC}
	EndGlobalSection
EndGlobal
